github.com/DCowboy/hiveenginego v0.2.0 h1:buUclCeRMMWwkdT9hwrpeps03GnPr23g6z3d+JEzB9s=
github.com/DCowboy/hiveenginego v0.2.0/go.mod h1:AVxEvdAGrw9BgNveS5ncY9yyZrVhTf7kRuqcPPDMd5s=
github.com/DCowboy/hivego v0.0.0-20240923144725-abe0bafc00c9 h1:AWfhzT+dKcxZxiovfjab90lg33MmGVyKsS9NlRKncs0=
github.com/DCowboy/hivego v0.0.0-20240923144725-abe0bafc00c9/go.mod h1:N9SFy1GcSbPEHCqllYhGzPd9nDv/UlGZstppCFtSYXs=
github.com/andybalholm/brotli v1.1.0 h1:eLKJA0d02Lf0mVpIDgYnqXcUn0GqVmEFny3VuID1U3M=
github.com/andybalholm/brotli v1.1.0/go.mod h1:sms7XGricyQI9K10gOSf56VKKWS4oLer58Q+mhRPtnY=
github.com/cfoxon/hivego v0.0.0-20230410131714-9f5a7f11f8df h1:Zn36yHqeYSJPQDn3Pl3XaeXVyv7ogQ24fBreyOiGKM8=
github.com/cfoxon/hivego v0.0.0-20230410131714-9f5a7f11f8df/go.mod h1:VvUl7Eu4u4aaczukcmWgH55DXxH8DQY+61t8GwNdHlM=
github.com/cfoxon/jrc v0.0.0-20221213194602-c4e904139b50 h1:s/GF5PyGV8P1r0LOUKepfesnpkBUDuCCZFxgVuR3yoI=
github.com/cfoxon/jrc v0.0.0-20221213194602-c4e904139b50/go.mod h1:P56+kqs+qRbSIum6C+8pYAFGTyRQRlR3UMNM6VN5dCM=
github.com/cfoxon/jsonrpc2client v0.0.0-20221203070057-deee6c789601 h1:H89F/mA46emPwlHfq6GTazfqeqO3BYEcBhS79Cc0on8=
github.com/cfoxon/jsonrpc2client v0.0.0-20221203070057-deee6c789601/go.mod h1:NHb6hgQrJadyIbJlQPWrpNVlZpyttJLAXKmcCuK4iTw=
github.com/davecgh/go-spew v1.1.1 h1:vj9j/u1bqnvCEfJOwUhtlOARqs3+rkHYY13jYWTU97c=
github.com/davecgh/go-spew v1.1.1/go.mod h1:J7Y8YcW2NihsgmVo/mv3lAwl/skON4iLHjSsI+c5H38=
github.com/decred/base58 v1.0.5 h1:hwcieUM3pfPnE/6p3J100zoRfGkQxBulZHo7GZfOqic=
github.com/decred/base58 v1.0.5/go.mod h1:s/8lukEHFA6bUQQb/v3rjUySJ2hu+RioCzLukAVkrfw=
github.com/decred/dcrd/chaincfg/chainhash v1.0.2 h1:rt5Vlq/jM3ZawwiacWjPa+smINyLRN07EO0cNBV6DGU=
github.com/decred/dcrd/chaincfg/chainhash v1.0.2/go.mod h1:BpbrGgrPTr3YJYRN3Bm+D9NuaFd+zGyNeIKgrhCXK60=
github.com/decred/dcrd/crypto/blake256 v1.0.0/go.mod h1:sQl2p6Y26YV+ZOcSTP6thNdn47hh8kt6rqSlvmrXFAc=
github.com/decred/dcrd/crypto/blake256 v1.1.0 h1:zPMNGQCm0g4QTY27fOCorQW7EryeQ/U0x++OzVrdms8=
github.com/decred/dcrd/crypto/blake256 v1.1.0/go.mod h1:2OfgNZ5wDpcsFmHmCK5gZTPcCXqlm2ArzUIkw9czNJo=
github.com/decred/dcrd/dcrec/secp256k1/v2 v2.0.1 h1:18HurQ6DfHeNvwIjvOmrgr44bPdtVaQAe/WWwHg9goM=
github.com/decred/dcrd/dcrec/secp256k1/v2 v2.0.1/go.mod h1:XmyzkaXBy7ZvHdrTAlXAjpog8qKSAWa3ze7yqzWmgmc=
github.com/goccy/go-json v0.10.3 h1:KZ5WoDbxAIgm2HNbYckL0se1fHD6rz5j4ywS6ebzDqA=
github.com/goccy/go-json v0.10.3/go.mod h1:oq7eo15ShAhp70Anwd5lgX2pLfOS3QCiwU/PULtXL6M=
github.com/klauspost/compress v1.17.10 h1:oXAz+Vh0PMUvJczoi+flxpnBEPxoER1IaAnU/NMPtT0=
github.com/klauspost/compress v1.17.10/go.mod h1:pMDklpSncoRMuLFrf1W9Ss9KT+0rH90U12bZKk7uwG0=
github.com/valyala/bytebufferpool v1.0.0 h1:GqA5TC/0021Y/b9FG4Oi9Mr3q7XYx6KllzawFIhcdPw=
github.com/valyala/bytebufferpool v1.0.0/go.mod h1:6bBcMArwyJ5K/AmCkWv1jt77kVWyCJ6HpOuEn7z0Csc=
github.com/valyala/fasthttp v1.55.0 h1:Zkefzgt6a7+bVKHnu/YaYSOPfNYNisSVBo/unVCf8k8=
github.com/valyala/fasthttp v1.55.0/go.mod h1:NkY9JtkrpPKmgwV3HTaS2HWaJss9RSIsRVfcxxoHiOM=
golang.org/x/crypto v0.27.0 h1:GXm2NjJrPaiv/h1tb2UH8QfgC/hOf/+z0p6PT8o1w7A=
golang.org/x/crypto v0.27.0/go.mod h1:1Xngt8kV6Dvbssa53Ziq6Eqn0HqbZi5Z6R0ZpwQzt70=
